// !$*UTF8*$!
{
	archiveVersion = 1;
	classes = {
	};
	objectVersion = 46;
	objects = {

/* Begin PBXBuildFile section */
		3DA7C45F13FACF1500AFC322 /* normalBg.png in Resources */ = {isa = PBXBuildFile; fileRef = 3DA7C45D13FACF1500AFC322 /* normalBg.png */; };
		3DA7C46013FACF1500AFC322 /* selectedBg.png in Resources */ = {isa = PBXBuildFile; fileRef = 3DA7C45E13FACF1500AFC322 /* selectedBg.png */; };
		3DF5C40A13F6F6A200B417D8 /* UIKit.framework in Frameworks */ = {isa = PBXBuildFile; fileRef = 3DF5C40913F6F6A200B417D8 /* UIKit.framework */; };
		3DF5C40C13F6F6A200B417D8 /* Foundation.framework in Frameworks */ = {isa = PBXBuildFile; fileRef = 3DF5C40B13F6F6A200B417D8 /* Foundation.framework */; };
		3DF5C40E13F6F6A200B417D8 /* CoreGraphics.framework in Frameworks */ = {isa = PBXBuildFile; fileRef = 3DF5C40D13F6F6A200B417D8 /* CoreGraphics.framework */; };
		3DF5C41413F6F6A200B417D8 /* InfoPlist.strings in Resources */ = {isa = PBXBuildFile; fileRef = 3DF5C41213F6F6A200B417D8 /* InfoPlist.strings */; };
		3DF5C41713F6F6A200B417D8 /* main.m in Sources */ = {isa = PBXBuildFile; fileRef = 3DF5C41613F6F6A200B417D8 /* main.m */; };
		3DF5C41A13F6F6A200B417D8 /* DemoAppDelegate.m in Sources */ = {isa = PBXBuildFile; fileRef = 3DF5C41913F6F6A200B417D8 /* DemoAppDelegate.m */; };
		3DF5C41D13F6F6A200B417D8 /* MainWindow.xib in Resources */ = {isa = PBXBuildFile; fileRef = 3DF5C41B13F6F6A200B417D8 /* MainWindow.xib */; };
		3DF5C42013F6F6A200B417D8 /* DemoViewController.m in Sources */ = {isa = PBXBuildFile; fileRef = 3DF5C41F13F6F6A200B417D8 /* DemoViewController.m */; };
		3DF5C42B13F6F78600B417D8 /* MoSegmentedControl.m in Sources */ = {isa = PBXBuildFile; fileRef = 3DF5C42A13F6F78600B417D8 /* MoSegmentedControl.m */; };
/* End PBXBuildFile section */

/* Begin PBXFileReference section */
		3DA7C45D13FACF1500AFC322 /* normalBg.png */ = {isa = PBXFileReference; lastKnownFileType = image.png; path = normalBg.png; sourceTree = "<group>"; };
		3DA7C45E13FACF1500AFC322 /* selectedBg.png */ = {isa = PBXFileReference; lastKnownFileType = image.png; path = selectedBg.png; sourceTree = "<group>"; };
		3DF5C40513F6F6A200B417D8 /* Demo.app */ = {isa = PBXFileReference; explicitFileType = wrapper.application; includeInIndex = 0; path = Demo.app; sourceTree = BUILT_PRODUCTS_DIR; };
		3DF5C40913F6F6A200B417D8 /* UIKit.framework */ = {isa = PBXFileReference; lastKnownFileType = wrapper.framework; name = UIKit.framework; path = System/Library/Frameworks/UIKit.framework; sourceTree = SDKROOT; };
		3DF5C40B13F6F6A200B417D8 /* Foundation.framework */ = {isa = PBXFileReference; lastKnownFileType = wrapper.framework; name = Foundation.framework; path = System/Library/Frameworks/Foundation.framework; sourceTree = SDKROOT; };
		3DF5C40D13F6F6A200B417D8 /* CoreGraphics.framework */ = {isa = PBXFileReference; lastKnownFileType = wrapper.framework; name = CoreGraphics.framework; path = System/Library/Frameworks/CoreGraphics.framework; sourceTree = SDKROOT; };
		3DF5C41113F6F6A200B417D8 /* Demo-Info.plist */ = {isa = PBXFileReference; lastKnownFileType = text.plist.xml; path = "Demo-Info.plist"; sourceTree = "<group>"; };
		3DF5C41313F6F6A200B417D8 /* en */ = {isa = PBXFileReference; lastKnownFileType = text.plist.strings; name = en; path = en.lproj/InfoPlist.strings; sourceTree = "<group>"; };
		3DF5C41513F6F6A200B417D8 /* Demo-Prefix.pch */ = {isa = PBXFileReference; lastKnownFileType = sourcecode.c.h; path = "Demo-Prefix.pch"; sourceTree = "<group>"; };
		3DF5C41613F6F6A200B417D8 /* main.m */ = {isa = PBXFileReference; lastKnownFileType = sourcecode.c.objc; path = main.m; sourceTree = "<group>"; };
		3DF5C41813F6F6A200B417D8 /* DemoAppDelegate.h */ = {isa = PBXFileReference; lastKnownFileType = sourcecode.c.h; path = DemoAppDelegate.h; sourceTree = "<group>"; };
		3DF5C41913F6F6A200B417D8 /* DemoAppDelegate.m */ = {isa = PBXFileReference; lastKnownFileType = sourcecode.c.objc; path = DemoAppDelegate.m; sourceTree = "<group>"; };
		3DF5C41C13F6F6A200B417D8 /* en */ = {isa = PBXFileReference; lastKnownFileType = file.xib; name = en; path = en.lproj/MainWindow.xib; sourceTree = "<group>"; };
		3DF5C41E13F6F6A200B417D8 /* DemoViewController.h */ = {isa = PBXFileReference; lastKnownFileType = sourcecode.c.h; path = DemoViewController.h; sourceTree = "<group>"; };
		3DF5C41F13F6F6A200B417D8 /* DemoViewController.m */ = {isa = PBXFileReference; lastKnownFileType = sourcecode.c.objc; path = DemoViewController.m; sourceTree = "<group>"; };
		3DF5C42913F6F78600B417D8 /* MoSegmentedControl.h */ = {isa = PBXFileReference; fileEncoding = 4; lastKnownFileType = sourcecode.c.h; path = MoSegmentedControl.h; sourceTree = "<group>"; };
		3DF5C42A13F6F78600B417D8 /* MoSegmentedControl.m */ = {isa = PBXFileReference; fileEncoding = 4; lastKnownFileType = sourcecode.c.objc; path = MoSegmentedControl.m; sourceTree = "<group>"; };
/* End PBXFileReference section */

/* Begin PBXFrameworksBuildPhase section */
		3DF5C40213F6F6A200B417D8 /* Frameworks */ = {
			isa = PBXFrameworksBuildPhase;
			buildActionMask = 2147483647;
			files = (
				3DF5C40A13F6F6A200B417D8 /* UIKit.framework in Frameworks */,
				3DF5C40C13F6F6A200B417D8 /* Foundation.framework in Frameworks */,
				3DF5C40E13F6F6A200B417D8 /* CoreGraphics.framework in Frameworks */,
			);
			runOnlyForDeploymentPostprocessing = 0;
		};
/* End PBXFrameworksBuildPhase section */

/* Begin PBXGroup section */
		3DF5C3FA13F6F6A200B417D8 = {
			isa = PBXGroup;
			children = (
				3DF5C40F13F6F6A200B417D8 /* Demo */,
				3DF5C40813F6F6A200B417D8 /* Frameworks */,
				3DF5C40613F6F6A200B417D8 /* Products */,
			);
			sourceTree = "<group>";
		};
		3DF5C40613F6F6A200B417D8 /* Products */ = {
			isa = PBXGroup;
			children = (
				3DF5C40513F6F6A200B417D8 /* Demo.app */,
			);
			name = Products;
			sourceTree = "<group>";
		};
		3DF5C40813F6F6A200B417D8 /* Frameworks */ = {
			isa = PBXGroup;
			children = (
				3DF5C40913F6F6A200B417D8 /* UIKit.framework */,
				3DF5C40B13F6F6A200B417D8 /* Foundation.framework */,
				3DF5C40D13F6F6A200B417D8 /* CoreGraphics.framework */,
			);
			name = Frameworks;
			sourceTree = "<group>";
		};
		3DF5C40F13F6F6A200B417D8 /* Demo */ = {
			isa = PBXGroup;
			children = (
				3DF5C41813F6F6A200B417D8 /* DemoAppDelegate.h */,
				3DF5C41913F6F6A200B417D8 /* DemoAppDelegate.m */,
				3DF5C41B13F6F6A200B417D8 /* MainWindow.xib */,
				3DF5C41E13F6F6A200B417D8 /* DemoViewController.h */,
				3DF5C41F13F6F6A200B417D8 /* DemoViewController.m */,
				3DF5C41013F6F6A200B417D8 /* Supporting Files */,
				3DF5C42913F6F78600B417D8 /* MoSegmentedControl.h */,
				3DF5C42A13F6F78600B417D8 /* MoSegmentedControl.m */,
				3DA7C45D13FACF1500AFC322 /* normalBg.png */,
				3DA7C45E13FACF1500AFC322 /* selectedBg.png */,
			);
			path = Demo;
			sourceTree = "<group>";
		};
		3DF5C41013F6F6A200B417D8 /* Supporting Files */ = {
			isa = PBXGroup;
			children = (
				3DF5C41113F6F6A200B417D8 /* Demo-Info.plist */,
				3DF5C41213F6F6A200B417D8 /* InfoPlist.strings */,
				3DF5C41513F6F6A200B417D8 /* Demo-Prefix.pch */,
				3DF5C41613F6F6A200B417D8 /* main.m */,
			);
			name = "Supporting Files";
			sourceTree = "<group>";
		};
/* End PBXGroup section */

/* Begin PBXNativeTarget section */
		3DF5C40413F6F6A200B417D8 /* Demo */ = {
			isa = PBXNativeTarget;
			buildConfigurationList = 3DF5C42613F6F6A200B417D8 /* Build configuration list for PBXNativeTarget "Demo" */;
			buildPhases = (
				3DF5C40113F6F6A200B417D8 /* Sources */,
				3DF5C40213F6F6A200B417D8 /* Frameworks */,
				3DF5C40313F6F6A200B417D8 /* Resources */,
			);
			buildRules = (
			);
			dependencies = (
			);
			name = Demo;
			productName = Demo;
			productReference = 3DF5C40513F6F6A200B417D8 /* Demo.app */;
			productType = "com.apple.product-type.application";
		};
/* End PBXNativeTarget section */

/* Begin PBXProject section */
		3DF5C3FC13F6F6A200B417D8 /* Project object */ = {
			isa = PBXProject;
			buildConfigurationList = 3DF5C3FF13F6F6A200B417D8 /* Build configuration list for PBXProject "Demo" */;
			compatibilityVersion = "Xcode 3.2";
			developmentRegion = English;
			hasScannedForEncodings = 0;
			knownRegions = (
				en,
			);
			mainGroup = 3DF5C3FA13F6F6A200B417D8;
			productRefGroup = 3DF5C40613F6F6A200B417D8 /* Products */;
			projectDirPath = "";
			projectRoot = "";
			targets = (
				3DF5C40413F6F6A200B417D8 /* Demo */,
			);
		};
/* End PBXProject section */

/* Begin PBXResourcesBuildPhase section */
		3DF5C40313F6F6A200B417D8 /* Resources */ = {
			isa = PBXResourcesBuildPhase;
			buildActionMask = 2147483647;
			files = (
				3DF5C41413F6F6A200B417D8 /* InfoPlist.strings in Resources */,
				3DF5C41D13F6F6A200B417D8 /* MainWindow.xib in Resources */,
				3DA7C45F13FACF1500AFC322 /* normalBg.png in Resources */,
				3DA7C46013FACF1500AFC322 /* selectedBg.png in Resources */,
			);
			runOnlyForDeploymentPostprocessing = 0;
		};
/* End PBXResourcesBuildPhase section */

/* Begin PBXSourcesBuildPhase section */
		3DF5C40113F6F6A200B417D8 /* Sources */ = {
			isa = PBXSourcesBuildPhase;
			buildActionMask = 2147483647;
			files = (
				3DF5C41713F6F6A200B417D8 /* main.m in Sources */,
				3DF5C41A13F6F6A200B417D8 /* DemoAppDelegate.m in Sources */,
				3DF5C42013F6F6A200B417D8 /* DemoViewController.m in Sources */,
				3DF5C42B13F6F78600B417D8 /* MoSegmentedControl.m in Sources */,
			);
			runOnlyForDeploymentPostprocessing = 0;
		};
/* End PBXSourcesBuildPhase section */

/* Begin PBXVariantGroup section */
		3DF5C41213F6F6A200B417D8 /* InfoPlist.strings */ = {
			isa = PBXVariantGroup;
			children = (
				3DF5C41313F6F6A200B417D8 /* en */,
			);
			name = InfoPlist.strings;
			sourceTree = "<group>";
		};
		3DF5C41B13F6F6A200B417D8 /* MainWindow.xib */ = {
			isa = PBXVariantGroup;
			children = (
				3DF5C41C13F6F6A200B417D8 /* en */,
			);
			name = MainWindow.xib;
			sourceTree = "<group>";
		};
/* End PBXVariantGroup section */

/* Begin XCBuildConfiguration section */
		3DF5C42413F6F6A200B417D8 /* Debug */ = {
			isa = XCBuildConfiguration;
			buildSettings = {
				ARCHS = "$(ARCHS_STANDARD_32_BIT)";
				"CODE_SIGN_IDENTITY[sdk=iphoneos*]" = "iPhone Developer";
				GCC_C_LANGUAGE_STANDARD = gnu99;
				GCC_OPTIMIZATION_LEVEL = 0;
				GCC_PREPROCESSOR_DEFINITIONS = DEBUG;
				GCC_SYMBOLS_PRIVATE_EXTERN = NO;
				GCC_VERSION = com.apple.compilers.llvmgcc42;
				GCC_WARN_ABOUT_RETURN_TYPE = YES;
				GCC_WARN_UNUSED_VARIABLE = YES;
				IPHONEOS_DEPLOYMENT_TARGET = 4.3;
				SDKROOT = iphoneos;
			};
			name = Debug;
		};
		3DF5C42513F6F6A200B417D8 /* Release */ = {
			isa = XCBuildConfiguration;
			buildSettings = {
				ARCHS = "$(ARCHS_STANDARD_32_BIT)";
				"CODE_SIGN_IDENTITY[sdk=iphoneos*]" = "iPhone Developer";
				GCC_C_LANGUAGE_STANDARD = gnu99;
				GCC_VERSION = com.apple.compilers.llvmgcc42;
				GCC_WARN_ABOUT_RETURN_TYPE = YES;
				GCC_WARN_UNUSED_VARIABLE = YES;
				IPHONEOS_DEPLOYMENT_TARGET = 4.3;
				OTHER_CFLAGS = "-DNS_BLOCK_ASSERTIONS=1";
				SDKROOT = iphoneos;
			};
			name = Release;
		};
		3DF5C42713F6F6A200B417D8 /* Debug */ = {
			isa = XCBuildConfiguration;
			buildSettings = {
				ALWAYS_SEARCH_USER_PATHS = NO;
				COPY_PHASE_STRIP = NO;
				GCC_DYNAMIC_NO_PIC = NO;
				GCC_PRECOMPILE_PREFIX_HEADER = YES;
				GCC_PREFIX_HEADER = "Demo/Demo-Prefix.pch";
				INFOPLIST_FILE = "Demo/Demo-Info.plist";
				IPHONEOS_DEPLOYMENT_TARGET = 3.0;
				PRODUCT_NAME = "$(TARGET_NAME)";
				WRAPPER_EXTENSION = app;
			};
			name = Debug;
		};
		3DF5C42813F6F6A200B417D8 /* Release */ = {
			isa = XCBuildConfiguration;
			buildSettings = {
				ALWAYS_SEARCH_USER_PATHS = NO;
				COPY_PHASE_STRIP = YES;
				GCC_PRECOMPILE_PREFIX_HEADER = YES;
				GCC_PREFIX_HEADER = "Demo/Demo-Prefix.pch";
				INFOPLIST_FILE = "Demo/Demo-Info.plist";
				IPHONEOS_DEPLOYMENT_TARGET = 3.0;
				PRODUCT_NAME = "$(TARGET_NAME)";
				VALIDATE_PRODUCT = YES;
				WRAPPER_EXTENSION = app;
			};
			name = Release;
		};
/* End XCBuildConfiguration section */

/* Begin XCConfigurationList section */
		3DF5C3FF13F6F6A200B417D8 /* Build configuration list for PBXProject "Demo" */ = {
			isa = XCConfigurationList;
			buildConfigurations = (
				3DF5C42413F6F6A200B417D8 /* Debug */,
				3DF5C42513F6F6A200B417D8 /* Release */,
			);
			defaultConfigurationIsVisible = 0;
			defaultConfigurationName = Release;
		};
		3DF5C42613F6F6A200B417D8 /* Build configuration list for PBXNativeTarget "Demo" */ = {
			isa = XCConfigurationList;
			buildConfigurations = (
				3DF5C42713F6F6A200B417D8 /* Debug */,
				3DF5C42813F6F6A200B417D8 /* Release */,
			);
			defaultConfigurationIsVisible = 0;
			defaultConfigurationName = Release;
		};
/* End XCConfigurationList section */
	};
	rootObject = 3DF5C3FC13F6F6A200B417D8 /* Project object */;
}
